{
  "name": "use-github-hosted-npm-module-example",
  "version": "1.0.0",
  "lockfileVersion": 1,
  "requires": true,
  "dependencies": {
    "@manikandn-m/my-small-npm-module": {
      "version": "1.1.0",
      "resolved": "https://npm.pkg.github.com/download/@manikandn-m/my-small-npm-module/1.1.0/583f734f2ca1f7250bcba3a5591064f7a45756a6de5aa7a5bba36b090e46e176",
      "integrity": "sha512-ryH/wesV7E1ggT/95pPnLaUHKzvnWLPbxG50siv4FUhE2tqARRTKRlPBLV8DMlubO2O+hPSyB9aiUYhZX0SwXw=="
    }
  }
}
